
Microsoft Visual Studio Solution File, Format Version 12.00
# Visual Studio 14
VisualStudioVersion = 14.0.25420.1
MinimumVisualStudioVersion = 10.0.40219.1
Project("{8BC9CEB8-8B4A-11D0-8D11-00A0C91BC942}") = "driver", "driver\driver.vcxproj", "{CF00E383-097E-4BD6-AABB-F47F775DD01F}"
EndProject
Project("{2150E333-8FDC-42A3-9474-1A3956D46DE8}") = "tests", "tests", "{FD278D70-7703-4F2A-B72F-33885A2E194D}"
EndProject
Project("{8BC9CEB8-8B4A-11D0-8D11-00A0C91BC942}") = "integrationTests", "tests\integrationTests\integrationTests.vcxproj", "{121002BB-1210-42F0-8E22-EEF08BDC2DEB}"
	ProjectSection(ProjectDependencies) = postProject
		{739CBAD6-9602-415D-A49E-06F73F8526ED} = {739CBAD6-9602-415D-A49E-06F73F8526ED}
	EndProjectSection
EndProject
Project("{8BC9CEB8-8B4A-11D0-8D11-00A0C91BC942}") = "unitTests", "tests\unitTests\unitTests.vcxproj", "{F9665723-9CD6-45B6-AF66-2285CD89EBF4}"
	ProjectSection(ProjectDependencies) = postProject
		{739CBAD6-9602-415D-A49E-06F73F8526ED} = {739CBAD6-9602-415D-A49E-06F73F8526ED}
	EndProjectSection
EndProject
Project("{8BC9CEB8-8B4A-11D0-8D11-00A0C91BC942}") = "sharedCode", "tests\sharedCode\sharedCode.vcxproj", "{739CBAD6-9602-415D-A49E-06F73F8526ED}"
EndProject
Global
	GlobalSection(SolutionConfigurationPlatforms) = preSolution
		Debug|ARM = Debug|ARM
		Debug|ARM64 = Debug|ARM64
		Debug|x64 = Debug|x64
		Debug|x86 = Debug|x86
		Release|ARM = Release|ARM
		Release|ARM64 = Release|ARM64
		Release|x64 = Release|x64
		Release|x86 = Release|x86
	EndGlobalSection
	GlobalSection(ProjectConfigurationPlatforms) = postSolution
		{CF00E383-097E-4BD6-AABB-F47F775DD01F}.Debug|ARM.ActiveCfg = Debug|ARM
		{CF00E383-097E-4BD6-AABB-F47F775DD01F}.Debug|ARM.Build.0 = Debug|ARM
		{CF00E383-097E-4BD6-AABB-F47F775DD01F}.Debug|ARM.Deploy.0 = Debug|ARM
		{CF00E383-097E-4BD6-AABB-F47F775DD01F}.Debug|ARM64.ActiveCfg = Debug|ARM64
		{CF00E383-097E-4BD6-AABB-F47F775DD01F}.Debug|ARM64.Build.0 = Debug|ARM64
		{CF00E383-097E-4BD6-AABB-F47F775DD01F}.Debug|ARM64.Deploy.0 = Debug|ARM64
		{CF00E383-097E-4BD6-AABB-F47F775DD01F}.Debug|x64.ActiveCfg = Debug|x64
		{CF00E383-097E-4BD6-AABB-F47F775DD01F}.Debug|x64.Build.0 = Debug|x64
		{CF00E383-097E-4BD6-AABB-F47F775DD01F}.Debug|x64.Deploy.0 = Debug|x64
		{CF00E383-097E-4BD6-AABB-F47F775DD01F}.Debug|x86.ActiveCfg = Debug|Win32
		{CF00E383-097E-4BD6-AABB-F47F775DD01F}.Debug|x86.Build.0 = Debug|Win32
		{CF00E383-097E-4BD6-AABB-F47F775DD01F}.Debug|x86.Deploy.0 = Debug|Win32
		{CF00E383-097E-4BD6-AABB-F47F775DD01F}.Release|ARM.ActiveCfg = Release|ARM
		{CF00E383-097E-4BD6-AABB-F47F775DD01F}.Release|ARM.Build.0 = Release|ARM
		{CF00E383-097E-4BD6-AABB-F47F775DD01F}.Release|ARM.Deploy.0 = Release|ARM
		{CF00E383-097E-4BD6-AABB-F47F775DD01F}.Release|ARM64.ActiveCfg = Release|ARM64
		{CF00E383-097E-4BD6-AABB-F47F775DD01F}.Release|ARM64.Build.0 = Release|ARM64
		{CF00E383-097E-4BD6-AABB-F47F775DD01F}.Release|ARM64.Deploy.0 = Release|ARM64
		{CF00E383-097E-4BD6-AABB-F47F775DD01F}.Release|x64.ActiveCfg = Release|x64
		{CF00E383-097E-4BD6-AABB-F47F775DD01F}.Release|x64.Build.0 = Release|x64
		{CF00E383-097E-4BD6-AABB-F47F775DD01F}.Release|x64.Deploy.0 = Release|x64
		{CF00E383-097E-4BD6-AABB-F47F775DD01F}.Release|x86.ActiveCfg = Release|Win32
		{CF00E383-097E-4BD6-AABB-F47F775DD01F}.Release|x86.Build.0 = Release|Win32
		{CF00E383-097E-4BD6-AABB-F47F775DD01F}.Release|x86.Deploy.0 = Release|Win32
		{121002BB-1210-42F0-8E22-EEF08BDC2DEB}.Debug|ARM.ActiveCfg = Debug|Win32
		{121002BB-1210-42F0-8E22-EEF08BDC2DEB}.Debug|ARM64.ActiveCfg = Debug|Win32
		{121002BB-1210-42F0-8E22-EEF08BDC2DEB}.Debug|x64.ActiveCfg = Debug|x64
		{121002BB-1210-42F0-8E22-EEF08BDC2DEB}.Debug|x64.Build.0 = Debug|x64
		{121002BB-1210-42F0-8E22-EEF08BDC2DEB}.Debug|x86.ActiveCfg = Debug|Win32
		{121002BB-1210-42F0-8E22-EEF08BDC2DEB}.Debug|x86.Build.0 = Debug|Win32
		{121002BB-1210-42F0-8E22-EEF08BDC2DEB}.Release|ARM.ActiveCfg = Release|Win32
		{121002BB-1210-42F0-8E22-EEF08BDC2DEB}.Release|ARM64.ActiveCfg = Release|Win32
		{121002BB-1210-42F0-8E22-EEF08BDC2DEB}.Release|x64.ActiveCfg = Release|x64
		{121002BB-1210-42F0-8E22-EEF08BDC2DEB}.Release|x64.Build.0 = Release|x64
		{121002BB-1210-42F0-8E22-EEF08BDC2DEB}.Release|x86.ActiveCfg = Release|Win32
		{121002BB-1210-42F0-8E22-EEF08BDC2DEB}.Release|x86.Build.0 = Release|Win32
		{F9665723-9CD6-45B6-AF66-2285CD89EBF4}.Debug|ARM.ActiveCfg = Debug|Win32
		{F9665723-9CD6-45B6-AF66-2285CD89EBF4}.Debug|ARM64.ActiveCfg = Debug|Win32
		{F9665723-9CD6-45B6-AF66-2285CD89EBF4}.Debug|x64.ActiveCfg = Debug|x64
		{F9665723-9CD6-45B6-AF66-2285CD89EBF4}.Debug|x64.Build.0 = Debug|x64
		{F9665723-9CD6-45B6-AF66-2285CD89EBF4}.Debug|x86.ActiveCfg = Debug|Win32
		{F9665723-9CD6-45B6-AF66-2285CD89EBF4}.Debug|x86.Build.0 = Debug|Win32
		{F9665723-9CD6-45B6-AF66-2285CD89EBF4}.Release|ARM.ActiveCfg = Release|Win32
		{F9665723-9CD6-45B6-AF66-2285CD89EBF4}.Release|ARM64.ActiveCfg = Release|Win32
		{F9665723-9CD6-45B6-AF66-2285CD89EBF4}.Release|x64.ActiveCfg = Release|x64
		{F9665723-9CD6-45B6-AF66-2285CD89EBF4}.Release|x64.Build.0 = Release|x64
		{F9665723-9CD6-45B6-AF66-2285CD89EBF4}.Release|x86.ActiveCfg = Release|Win32
		{F9665723-9CD6-45B6-AF66-2285CD89EBF4}.Release|x86.Build.0 = Release|Win32
		{739CBAD6-9602-415D-A49E-06F73F8526ED}.Debug|ARM.ActiveCfg = Debug|Win32
		{739CBAD6-9602-415D-A49E-06F73F8526ED}.Debug|ARM64.ActiveCfg = Debug|Win32
		{739CBAD6-9602-415D-A49E-06F73F8526ED}.Debug|x64.ActiveCfg = Debug|x64
		{739CBAD6-9602-415D-A49E-06F73F8526ED}.Debug|x64.Build.0 = Debug|x64
		{739CBAD6-9602-415D-A49E-06F73F8526ED}.Debug|x86.ActiveCfg = Debug|Win32
		{739CBAD6-9602-415D-A49E-06F73F8526ED}.Debug|x86.Build.0 = Debug|Win32
		{739CBAD6-9602-415D-A49E-06F73F8526ED}.Release|ARM.ActiveCfg = Release|Win32
		{739CBAD6-9602-415D-A49E-06F73F8526ED}.Release|ARM64.ActiveCfg = Release|Win32
		{739CBAD6-9602-415D-A49E-06F73F8526ED}.Release|x64.ActiveCfg = Release|x64
		{739CBAD6-9602-415D-A49E-06F73F8526ED}.Release|x64.Build.0 = Release|x64
		{739CBAD6-9602-415D-A49E-06F73F8526ED}.Release|x86.ActiveCfg = Release|Win32
		{739CBAD6-9602-415D-A49E-06F73F8526ED}.Release|x86.Build.0 = Release|Win32
	EndGlobalSection
	GlobalSection(SolutionProperties) = preSolution
		HideSolutionNode = FALSE
	EndGlobalSection
	GlobalSection(NestedProjects) = preSolution
		{121002BB-1210-42F0-8E22-EEF08BDC2DEB} = {FD278D70-7703-4F2A-B72F-33885A2E194D}
		{F9665723-9CD6-45B6-AF66-2285CD89EBF4} = {FD278D70-7703-4F2A-B72F-33885A2E194D}
		{739CBAD6-9602-415D-A49E-06F73F8526ED} = {FD278D70-7703-4F2A-B72F-33885A2E194D}
	EndGlobalSection
EndGlobal
